
Microsoft Visual Studio Solution File, Format Version 11.00
# Visual Studio 2010
Project("{FAE04EC0-301F-11D3-BF4B-00C04F79EFBC}") = "ConsoleApplication1", "ConsoleApplication1\ConsoleApplication1.csproj", "{AB3C6DCC-3CD7-4DC8-8DC1-D04BBA3FB408}"
EndProject
Global
	GlobalSection(SolutionConfigurationPlatforms) = preSolution
		Debug|x86 = Debug|x86
		Release|x86 = Release|x86
	EndGlobalSection
	GlobalSection(ProjectConfigurationPlatforms) = postSolution
		{AB3C6DCC-3CD7-4DC8-8DC1-D04BBA3FB408}.Debug|x86.ActiveCfg = Debug|x86
		{AB3C6DCC-3CD7-4DC8-8DC1-D04BBA3FB408}.Debug|x86.Build.0 = Debug|x86
		{AB3C6DCC-3CD7-4DC8-8DC1-D04BBA3FB408}.Release|x86.ActiveCfg = Release|x86
		{AB3C6DCC-3CD7-4DC8-8DC1-D04BBA3FB408}.Release|x86.Build.0 = Release|x86
	EndGlobalSection
	GlobalSection(SolutionProperties) = preSolution
		HideSolutionNode = FALSE
	EndGlobalSection
EndGlobal
